
Microsoft Visual Studio Solution File, Format Version 12.00
# Visual Studio Version 16
VisualStudioVersion = 16.0.31613.86
MinimumVisualStudioVersion = 10.0.40219.1
Project("{FAE04EC0-301F-11D3-BF4B-00C04F79EFBC}") = "ProAgendaAPI", "ProAgendaAPI\ProAgendaAPI.csproj", "{995CCF88-1A41-4925-801F-9EE674F27511}"
EndProject
Project("{FAE04EC0-301F-11D3-BF4B-00C04F79EFBC}") = "ProAgendaCore", "ProAgendaCore\ProAgendaCore.csproj", "{A3804F95-E698-46E5-8110-742B3737E4BD}"
EndProject
Project("{FAE04EC0-301F-11D3-BF4B-00C04F79EFBC}") = "ProAgendaInfrastructure", "ProAgendaInfrastructure\ProAgendaInfrastructure.csproj", "{0184FE97-6E5C-4EEE-A2FB-1017BD4F5F56}"
EndProject
Global
	GlobalSection(SolutionConfigurationPlatforms) = preSolution
		Debug|Any CPU = Debug|Any CPU
		Release|Any CPU = Release|Any CPU
	EndGlobalSection
	GlobalSection(ProjectConfigurationPlatforms) = postSolution
		{995CCF88-1A41-4925-801F-9EE674F27511}.Debug|Any CPU.ActiveCfg = Debug|Any CPU
		{995CCF88-1A41-4925-801F-9EE674F27511}.Debug|Any CPU.Build.0 = Debug|Any CPU
		{995CCF88-1A41-4925-801F-9EE674F27511}.Release|Any CPU.ActiveCfg = Release|Any CPU
		{995CCF88-1A41-4925-801F-9EE674F27511}.Release|Any CPU.Build.0 = Release|Any CPU
		{A3804F95-E698-46E5-8110-742B3737E4BD}.Debug|Any CPU.ActiveCfg = Debug|Any CPU
		{A3804F95-E698-46E5-8110-742B3737E4BD}.Debug|Any CPU.Build.0 = Debug|Any CPU
		{A3804F95-E698-46E5-8110-742B3737E4BD}.Release|Any CPU.ActiveCfg = Release|Any CPU
		{A3804F95-E698-46E5-8110-742B3737E4BD}.Release|Any CPU.Build.0 = Release|Any CPU
		{0184FE97-6E5C-4EEE-A2FB-1017BD4F5F56}.Debug|Any CPU.ActiveCfg = Debug|Any CPU
		{0184FE97-6E5C-4EEE-A2FB-1017BD4F5F56}.Debug|Any CPU.Build.0 = Debug|Any CPU
		{0184FE97-6E5C-4EEE-A2FB-1017BD4F5F56}.Release|Any CPU.ActiveCfg = Release|Any CPU
		{0184FE97-6E5C-4EEE-A2FB-1017BD4F5F56}.Release|Any CPU.Build.0 = Release|Any CPU
	EndGlobalSection
	GlobalSection(SolutionProperties) = preSolution
		HideSolutionNode = FALSE
	EndGlobalSection
	GlobalSection(ExtensibilityGlobals) = postSolution
		SolutionGuid = {0A64F2F9-519A-49C4-985C-7FBD5869E3ED}
	EndGlobalSection
EndGlobal
